
Microsoft Visual Studio Solution File, Format Version 12.00
# Visual Studio Version 16
VisualStudioVersion = 16.0.33328.57
MinimumVisualStudioVersion = 10.0.40219.1
Project("{FAE04EC0-301F-11D3-BF4B-00C04F79EFBC}") = "WebApiOwinSecure", "WebApiOwinSecure\WebApiOwinSecure.csproj", "{BE47B0BE-1D89-46A8-A08C-DDBFE756284E}"
EndProject
Global
	GlobalSection(SolutionConfigurationPlatforms) = preSolution
		Debug|Any CPU = Debug|Any CPU
		Release|Any CPU = Release|Any CPU
	EndGlobalSection
	GlobalSection(ProjectConfigurationPlatforms) = postSolution
		{BE47B0BE-1D89-46A8-A08C-DDBFE756284E}.Debug|Any CPU.ActiveCfg = Debug|Any CPU
		{BE47B0BE-1D89-46A8-A08C-DDBFE756284E}.Debug|Any CPU.Build.0 = Debug|Any CPU
		{BE47B0BE-1D89-46A8-A08C-DDBFE756284E}.Release|Any CPU.ActiveCfg = Release|Any CPU
		{BE47B0BE-1D89-46A8-A08C-DDBFE756284E}.Release|Any CPU.Build.0 = Release|Any CPU
	EndGlobalSection
	GlobalSection(SolutionProperties) = preSolution
		HideSolutionNode = FALSE
	EndGlobalSection
	GlobalSection(ExtensibilityGlobals) = postSolution
		SolutionGuid = {6420D312-4756-4EB4-A9C7-EC7C8A730795}
	EndGlobalSection
EndGlobal
